
Microsoft Visual Studio Solution File, Format Version 12.00
# Visual Studio Version 16
VisualStudioVersion = 16.0.29306.81
MinimumVisualStudioVersion = 10.0.40219.1
Project("{9A19103F-16F7-4668-BE54-9A1E7A4F7556}") = "Classes", "Classes\Classes.csproj", "{9B77B99D-B3FC-4A22-94DB-D5AABB5F1CE6}"
EndProject
Project("{FAE04EC0-301F-11D3-BF4B-00C04F79EFBC}") = "Properties", "Properties\Properties.csproj", "{3EEABA0A-84E6-4F60-B558-285A76B21153}"
EndProject
Project("{FAE04EC0-301F-11D3-BF4B-00C04F79EFBC}") = "Indexers", "Indexers\Indexers.csproj", "{DEA22361-AF10-4425-8A3D-A781F115EDA4}"
EndProject
Project("{FAE04EC0-301F-11D3-BF4B-00C04F79EFBC}") = "Inheritance", "Inheritance\Inheritance.csproj", "{157773A0-591A-4B79-B852-84AB01B0C59B}"
EndProject
Project("{FAE04EC0-301F-11D3-BF4B-00C04F79EFBC}") = "Composition", "Composition\Composition.csproj", "{0E1D827D-3CA5-4AFD-802C-065D14DE83E0}"
EndProject
Project("{FAE04EC0-301F-11D3-BF4B-00C04F79EFBC}") = "AccessModifiers", "AccessModifiers\AccessModifiers.csproj", "{B3CDD34B-8607-4478-A176-E6AB2023A7BA}"
EndProject
Project("{FAE04EC0-301F-11D3-BF4B-00C04F79EFBC}") = "Amazon", "Amazon\Amazon.csproj", "{B354AFD3-58BA-469B-B0EC-CA273F8FC2CD}"
EndProject
Project("{FAE04EC0-301F-11D3-BF4B-00C04F79EFBC}") = "Constructors", "Constructors\Constructors.csproj", "{2CEF6ABA-3373-4D62-BFDD-F4E6B6E9239B}"
EndProject
Global
	GlobalSection(SolutionConfigurationPlatforms) = preSolution
		Debug|Any CPU = Debug|Any CPU
		Release|Any CPU = Release|Any CPU
	EndGlobalSection
	GlobalSection(ProjectConfigurationPlatforms) = postSolution
		{9B77B99D-B3FC-4A22-94DB-D5AABB5F1CE6}.Debug|Any CPU.ActiveCfg = Debug|Any CPU
		{9B77B99D-B3FC-4A22-94DB-D5AABB5F1CE6}.Debug|Any CPU.Build.0 = Debug|Any CPU
		{9B77B99D-B3FC-4A22-94DB-D5AABB5F1CE6}.Release|Any CPU.ActiveCfg = Release|Any CPU
		{9B77B99D-B3FC-4A22-94DB-D5AABB5F1CE6}.Release|Any CPU.Build.0 = Release|Any CPU
		{3EEABA0A-84E6-4F60-B558-285A76B21153}.Debug|Any CPU.ActiveCfg = Debug|Any CPU
		{3EEABA0A-84E6-4F60-B558-285A76B21153}.Debug|Any CPU.Build.0 = Debug|Any CPU
		{3EEABA0A-84E6-4F60-B558-285A76B21153}.Release|Any CPU.ActiveCfg = Release|Any CPU
		{3EEABA0A-84E6-4F60-B558-285A76B21153}.Release|Any CPU.Build.0 = Release|Any CPU
		{DEA22361-AF10-4425-8A3D-A781F115EDA4}.Debug|Any CPU.ActiveCfg = Debug|Any CPU
		{DEA22361-AF10-4425-8A3D-A781F115EDA4}.Debug|Any CPU.Build.0 = Debug|Any CPU
		{DEA22361-AF10-4425-8A3D-A781F115EDA4}.Release|Any CPU.ActiveCfg = Release|Any CPU
		{DEA22361-AF10-4425-8A3D-A781F115EDA4}.Release|Any CPU.Build.0 = Release|Any CPU
		{157773A0-591A-4B79-B852-84AB01B0C59B}.Debug|Any CPU.ActiveCfg = Debug|Any CPU
		{157773A0-591A-4B79-B852-84AB01B0C59B}.Debug|Any CPU.Build.0 = Debug|Any CPU
		{157773A0-591A-4B79-B852-84AB01B0C59B}.Release|Any CPU.ActiveCfg = Release|Any CPU
		{157773A0-591A-4B79-B852-84AB01B0C59B}.Release|Any CPU.Build.0 = Release|Any CPU
		{0E1D827D-3CA5-4AFD-802C-065D14DE83E0}.Debug|Any CPU.ActiveCfg = Debug|Any CPU
		{0E1D827D-3CA5-4AFD-802C-065D14DE83E0}.Debug|Any CPU.Build.0 = Debug|Any CPU
		{0E1D827D-3CA5-4AFD-802C-065D14DE83E0}.Release|Any CPU.ActiveCfg = Release|Any CPU
		{0E1D827D-3CA5-4AFD-802C-065D14DE83E0}.Release|Any CPU.Build.0 = Release|Any CPU
		{B3CDD34B-8607-4478-A176-E6AB2023A7BA}.Debug|Any CPU.ActiveCfg = Debug|Any CPU
		{B3CDD34B-8607-4478-A176-E6AB2023A7BA}.Debug|Any CPU.Build.0 = Debug|Any CPU
		{B3CDD34B-8607-4478-A176-E6AB2023A7BA}.Release|Any CPU.ActiveCfg = Release|Any CPU
		{B3CDD34B-8607-4478-A176-E6AB2023A7BA}.Release|Any CPU.Build.0 = Release|Any CPU
		{B354AFD3-58BA-469B-B0EC-CA273F8FC2CD}.Debug|Any CPU.ActiveCfg = Debug|Any CPU
		{B354AFD3-58BA-469B-B0EC-CA273F8FC2CD}.Debug|Any CPU.Build.0 = Debug|Any CPU
		{B354AFD3-58BA-469B-B0EC-CA273F8FC2CD}.Release|Any CPU.ActiveCfg = Release|Any CPU
		{B354AFD3-58BA-469B-B0EC-CA273F8FC2CD}.Release|Any CPU.Build.0 = Release|Any CPU
		{2CEF6ABA-3373-4D62-BFDD-F4E6B6E9239B}.Debug|Any CPU.ActiveCfg = Debug|Any CPU
		{2CEF6ABA-3373-4D62-BFDD-F4E6B6E9239B}.Debug|Any CPU.Build.0 = Debug|Any CPU
		{2CEF6ABA-3373-4D62-BFDD-F4E6B6E9239B}.Release|Any CPU.ActiveCfg = Release|Any CPU
		{2CEF6ABA-3373-4D62-BFDD-F4E6B6E9239B}.Release|Any CPU.Build.0 = Release|Any CPU
	EndGlobalSection
	GlobalSection(SolutionProperties) = preSolution
		HideSolutionNode = FALSE
	EndGlobalSection
	GlobalSection(ExtensibilityGlobals) = postSolution
		SolutionGuid = {7F61B6DA-9410-4CE9-806F-8B10DC736F6A}
	EndGlobalSection
EndGlobal
